
Microsoft Visual Studio Solution File, Format Version 12.00
# Visual Studio Version 16
VisualStudioVersion = 16.0.29926.136
MinimumVisualStudioVersion = 10.0.40219.1
Project("{8BC9CEB8-8B4A-11D0-8D11-00A0C91BC942}") = "Combining logical operators", "Combining logical operators.vcxproj", "{15C9BB60-454E-401C-BEF0-034478611F56}"
EndProject
Global
	GlobalSection(SolutionConfigurationPlatforms) = preSolution
		Debug|x64 = Debug|x64
		Debug|x86 = Debug|x86
		Release|x64 = Release|x64
		Release|x86 = Release|x86
	EndGlobalSection
	GlobalSection(ProjectConfigurationPlatforms) = postSolution
		{15C9BB60-454E-401C-BEF0-034478611F56}.Debug|x64.ActiveCfg = Debug|x64
		{15C9BB60-454E-401C-BEF0-034478611F56}.Debug|x64.Build.0 = Debug|x64
		{15C9BB60-454E-401C-BEF0-034478611F56}.Debug|x86.ActiveCfg = Debug|Win32
		{15C9BB60-454E-401C-BEF0-034478611F56}.Debug|x86.Build.0 = Debug|Win32
		{15C9BB60-454E-401C-BEF0-034478611F56}.Release|x64.ActiveCfg = Release|x64
		{15C9BB60-454E-401C-BEF0-034478611F56}.Release|x64.Build.0 = Release|x64
		{15C9BB60-454E-401C-BEF0-034478611F56}.Release|x86.ActiveCfg = Release|Win32
		{15C9BB60-454E-401C-BEF0-034478611F56}.Release|x86.Build.0 = Release|Win32
	EndGlobalSection
	GlobalSection(SolutionProperties) = preSolution
		HideSolutionNode = FALSE
	EndGlobalSection
	GlobalSection(ExtensibilityGlobals) = postSolution
		SolutionGuid = {474B6D3C-B2A2-42E2-B013-B157337CFD17}
	EndGlobalSection
EndGlobal
